{
  "name": "@kyly/fetch-schema",
  "version": "1.0.0",
  "lockfileVersion": 1,
  "requires": true,
  "dependencies": {
    "@babel/parser": {
      "version": "7.9.6",
      "resolved": "https://artifact.devsnc.com/content/groups/npm-all/@babel/parser/-/parser-7.9.6.tgz",
      "integrity": "sha512-AoeIEJn8vt+d/6+PXDRPaksYhnlbMIiejioBZvvMQsOjW/JYK6k/0dKnvvP3EhK5GfMBWDPtrxRtegWdAcdq9Q==",
      "dev": true
    },
    "@types/color-name": {
      "version": "1.1.1",
      "resolved": "https://artifact.devsnc.com/content/groups/npm-all/@types/color-name/-/color-name-1.1.1.tgz",
      "integrity": "sha512-rr+OQyAjxze7GgWrSaJwydHStIhHq2lvY3BOC2Mj7KnzI7XK0Uw1TOOdI9lDoajEbSWLiYgoo4f1R51erQfhPQ=="
    },
    "ansi-escape-sequences": {
      "version": "4.1.0",
      "resolved": "https://artifact.devsnc.com/content/groups/npm-all/ansi-escape-sequences/-/ansi-escape-sequences-4.1.0.tgz",
      "integrity": "sha512-dzW9kHxH011uBsidTXd14JXgzye/YLb2LzeKZ4bsgl/Knwx8AtbSFkkGxagdNOoh0DlqHCmfiEjWKBaqjOanVw==",
      "dev": true,
      "requires": {
        "array-back": "^3.0.1"
      },
      "dependencies": {
        "array-back": {
          "version": "3.1.0",
          "resolved": "https://artifact.devsnc.com/content/groups/npm-all/array-back/-/array-back-3.1.0.tgz",
          "integrity": "sha512-TkuxA4UCOvxuDK6NZYXCalszEzj+TLszyASooky+i742l9TqsOdYCMJJupxRic61hwquNtppB3hgcuq9SVSH1Q==",
          "dev": true
        }
      }
    },
    "ansi-regex": {
      "version": "5.0.0",
      "resolved": "https://artifact.devsnc.com/content/groups/npm-all/ansi-regex/-/ansi-regex-5.0.0.tgz",
      "integrity": "sha512-bY6fj56OUQ0hU1KjFNDQuJFezqKdrAyFdIevADiqrWHwSlbmBNMHp5ak2f40Pm8JTFyM2mqxkG6ngkHO11f/lg=="
    },
    "ansi-styles": {
      "version": "4.2.1",
      "resolved": "https://artifact.devsnc.com/content/groups/npm-all/ansi-styles/-/ansi-styles-4.2.1.tgz",
      "integrity": "sha512-9VGjrMsG1vePxcSweQsN20KY/c4zN0h9fLjqAbwbPfahM3t+NL+M9HC8xeXG2I8pX5NoamTGNuomEUFI7fcUjA==",
      "requires": {
        "@types/color-name": "^1.1.1",
        "color-convert": "^2.0.1"
      }
    },
    "argparse": {
      "version": "1.0.10",
      "resolved": "https://artifact.devsnc.com/content/groups/npm-all/argparse/-/argparse-1.0.10.tgz",
      "integrity": "sha512-o5Roy6tNG4SL/FOkCAN6RzjiakZS25RLYFrcMttJqbdd8BWrnA+fGz57iN5Pb06pvBGvl5gQ0B48dJlslXvoTg==",
      "dev": true,
      "requires": {
        "sprintf-js": "~1.0.2"
      }
    },
    "array-back": {
      "version": "4.0.1",
      "resolved": "https://artifact.devsnc.com/content/groups/npm-all/array-back/-/array-back-4.0.1.tgz",
      "integrity": "sha512-Z/JnaVEXv+A9xabHzN43FiiiWEE7gPCRXMrVmRm00tWbjZRul1iHm7ECzlyNq1p4a4ATXz+G9FJ3GqGOkOV3fg==",
      "dev": true
    },
    "at-least-node": {
      "version": "1.0.0",
      "resolved": "https://artifact.devsnc.com/content/groups/npm-all/at-least-node/-/at-least-node-1.0.0.tgz",
      "integrity": "sha512-+q/t7Ekv1EDY2l6Gda6LLiX14rU9TV20Wa3ofeQmwPFZbOMo9DXrLbOjFaaclkXKWidIaopwAObQDqwWtGUjqg=="
    },
    "axios": {
      "version": "0.19.2",
      "resolved": "https://artifact.devsnc.com/content/groups/npm-all/axios/-/axios-0.19.2.tgz",
      "integrity": "sha512-fjgm5MvRHLhx+osE2xoekY70AhARk3a6hkN+3Io1jc00jtquGvxYlKlsFUhmUET0V5te6CcZI7lcv2Ym61mjHA==",
      "requires": {
        "follow-redirects": "1.5.10"
      }
    },
    "balanced-match": {
      "version": "1.0.0",
      "resolved": "https://artifact.devsnc.com/content/groups/npm-all/balanced-match/-/balanced-match-1.0.0.tgz",
      "integrity": "sha1-ibTRmasr7kneFk6gK4nORi1xt2c=",
      "dev": true
    },
    "bluebird": {
      "version": "3.7.2",
      "resolved": "https://artifact.devsnc.com/content/groups/npm-all/bluebird/-/bluebird-3.7.2.tgz",
      "integrity": "sha512-XpNj6GDQzdfW+r2Wnn7xiSAd7TM3jzkxGXBGTtWKuSXv1xUV+azxAm8jdWZN06QTQk+2N2XB9jRDkvbmQmcRtg==",
      "dev": true
    },
    "brace-expansion": {
      "version": "1.1.11",
      "resolved": "https://artifact.devsnc.com/content/groups/npm-all/brace-expansion/-/brace-expansion-1.1.11.tgz",
      "integrity": "sha512-iCuPHDFgrHX7H2vEI/5xpz07zSHB00TpugqhmYtVmMO6518mCuRMoOYFldEBl0g187ufozdaHgWKcYFb61qGiA==",
      "dev": true,
      "requires": {
        "balanced-match": "^1.0.0",
        "concat-map": "0.0.1"
      }
    },
    "cache-point": {
      "version": "1.0.0",
      "resolved": "https://artifact.devsnc.com/content/groups/npm-all/cache-point/-/cache-point-1.0.0.tgz",
      "integrity": "sha512-ZqrZp9Hi5Uq7vfSGmNP2bUT/9DzZC2Y/GXjHB8rUJN1a+KLmbV05+vxHipNsg8+CSVgjcVVzLV8VZms6w8ZeRw==",
      "dev": true,
      "requires": {
        "array-back": "^4.0.0",
        "fs-then-native": "^2.0.0",
        "mkdirp2": "^1.0.4"
      }
    },
    "catharsis": {
      "version": "0.8.11",
      "resolved": "https://artifact.devsnc.com/content/groups/npm-all/catharsis/-/catharsis-0.8.11.tgz",
      "integrity": "sha512-a+xUyMV7hD1BrDQA/3iPV7oc+6W26BgVJO05PGEoatMyIuPScQKsde6i3YorWX1qs+AZjnJ18NqdKoCtKiNh1g==",
      "dev": true,
      "requires": {
        "lodash": "^4.17.14"
      }
    },
    "chalk": {
      "version": "4.0.0",
      "resolved": "https://artifact.devsnc.com/content/groups/npm-all/chalk/-/chalk-4.0.0.tgz",
      "integrity": "sha512-N9oWFcegS0sFr9oh1oz2d7Npos6vNoWW9HvtCg5N1KRFpUhaAhvTv5Y58g880fZaEYSNm3qDz8SU1UrGvp+n7A==",
      "requires": {
        "ansi-styles": "^4.1.0",
        "supports-color": "^7.1.0"
      }
    },
    "cli-cursor": {
      "version": "3.1.0",
      "resolved": "https://artifact.devsnc.com/content/groups/npm-all/cli-cursor/-/cli-cursor-3.1.0.tgz",
      "integrity": "sha512-I/zHAwsKf9FqGoXM4WWRACob9+SNukZTd94DWF57E4toouRulbCxcUh6RKUEOQlYTHJnzkPMySvPNaaSLNfLZw==",
      "requires": {
        "restore-cursor": "^3.1.0"
      }
    },
    "cli-spinners": {
      "version": "2.3.0",
      "resolved": "https://artifact.devsnc.com/content/groups/npm-all/cli-spinners/-/cli-spinners-2.3.0.tgz",
      "integrity": "sha512-Xs2Hf2nzrvJMFKimOR7YR0QwZ8fc0u98kdtwN1eNAZzNQgH3vK2pXzff6GJtKh7S5hoJ87ECiAiZFS2fb5Ii2w=="
    },
    "clone": {
      "version": "1.0.4",
      "resolved": "https://artifact.devsnc.com/content/groups/npm-all/clone/-/clone-1.0.4.tgz",
      "integrity": "sha1-2jCcwmPfFZlMaIypAheco8fNfH4="
    },
    "collect-all": {
      "version": "1.0.3",
      "resolved": "https://artifact.devsnc.com/content/groups/npm-all/collect-all/-/collect-all-1.0.3.tgz",
      "integrity": "sha512-0y0rBgoX8IzIjBAUnO73SEtSb4Mhk3IoceWJq5zZSxb9mWORhWH8xLYo4EDSOE1jRBk1LhmfjqWFFt10h/+MEA==",
      "dev": true,
      "requires": {
        "stream-connect": "^1.0.2",
        "stream-via": "^1.0.4"
      }
    },
    "color-convert": {
      "version": "2.0.1",
      "resolved": "https://artifact.devsnc.com/content/groups/npm-all/color-convert/-/color-convert-2.0.1.tgz",
      "integrity": "sha512-RRECPsj7iu/xb5oKYcsFHSppFNnsj/52OVTRKb4zP5onXwVF3zVmmToNcOfGC+CRDpfK/U584fMg38ZHCaElKQ==",
      "requires": {
        "color-name": "~1.1.4"
      }
    },
    "color-name": {
      "version": "1.1.4",
      "resolved": "https://artifact.devsnc.com/content/groups/npm-all/color-name/-/color-name-1.1.4.tgz",
      "integrity": "sha512-dOy+3AuW3a2wNbZHIuMZpTcgjGuLU/uBL/ubcZF9OXbDo8ff4O8yVp5Bf0efS8uEoYo5q4Fx7dY9OgQGXgAsQA=="
    },
    "command-line-args": {
      "version": "5.1.1",
      "resolved": "https://artifact.devsnc.com/content/groups/npm-all/command-line-args/-/command-line-args-5.1.1.tgz",
      "integrity": "sha512-hL/eG8lrll1Qy1ezvkant+trihbGnaKaeEjj6Scyr3DN+RC7iQ5Rz84IeLERfAWDGo0HBSNAakczwgCilDXnWg==",
      "dev": true,
      "requires": {
        "array-back": "^3.0.1",
        "find-replace": "^3.0.0",
        "lodash.camelcase": "^4.3.0",
        "typical": "^4.0.0"
      },
      "dependencies": {
        "array-back": {
          "version": "3.1.0",
          "resolved": "https://artifact.devsnc.com/content/groups/npm-all/array-back/-/array-back-3.1.0.tgz",
          "integrity": "sha512-TkuxA4UCOvxuDK6NZYXCalszEzj+TLszyASooky+i742l9TqsOdYCMJJupxRic61hwquNtppB3hgcuq9SVSH1Q==",
          "dev": true
        },
        "typical": {
          "version": "4.0.0",
          "resolved": "https://artifact.devsnc.com/content/groups/npm-all/typical/-/typical-4.0.0.tgz",
          "integrity": "sha512-VAH4IvQ7BDFYglMd7BPRDfLgxZZX4O4TFcRDA6EN5X7erNJJq+McIEp8np9aVtxrCJ6qx4GTYVfOWNjcqwZgRw==",
          "dev": true
        }
      }
    },
    "command-line-tool": {
      "version": "0.8.0",
      "resolved": "https://artifact.devsnc.com/content/groups/npm-all/command-line-tool/-/command-line-tool-0.8.0.tgz",
      "integrity": "sha512-Xw18HVx/QzQV3Sc5k1vy3kgtOeGmsKIqwtFFoyjI4bbcpSgnw2CWVULvtakyw4s6fhyAdI6soQQhXc2OzJy62g==",
      "dev": true,
      "requires": {
        "ansi-escape-sequences": "^4.0.0",
        "array-back": "^2.0.0",
        "command-line-args": "^5.0.0",
        "command-line-usage": "^4.1.0",
        "typical": "^2.6.1"
      },
      "dependencies": {
        "array-back": {
          "version": "2.0.0",
          "resolved": "https://artifact.devsnc.com/content/groups/npm-all/array-back/-/array-back-2.0.0.tgz",
          "integrity": "sha512-eJv4pLLufP3g5kcZry0j6WXpIbzYw9GUB4mVJZno9wfwiBxbizTnHCw3VJb07cBihbFX48Y7oSrW9y+gt4glyw==",
          "dev": true,
          "requires": {
            "typical": "^2.6.1"
          }
        }
      }
    },
    "command-line-usage": {
      "version": "4.1.0",
      "resolved": "https://artifact.devsnc.com/content/groups/npm-all/command-line-usage/-/command-line-usage-4.1.0.tgz",
      "integrity": "sha512-MxS8Ad995KpdAC0Jopo/ovGIroV/m0KHwzKfXxKag6FHOkGsH8/lv5yjgablcRxCJJC0oJeUMuO/gmaq+Wq46g==",
      "dev": true,
      "requires": {
        "ansi-escape-sequences": "^4.0.0",
        "array-back": "^2.0.0",
        "table-layout": "^0.4.2",
        "typical": "^2.6.1"
      },
      "dependencies": {
        "array-back": {
          "version": "2.0.0",
          "resolved": "https://artifact.devsnc.com/content/groups/npm-all/array-back/-/array-back-2.0.0.tgz",
          "integrity": "sha512-eJv4pLLufP3g5kcZry0j6WXpIbzYw9GUB4mVJZno9wfwiBxbizTnHCw3VJb07cBihbFX48Y7oSrW9y+gt4glyw==",
          "dev": true,
          "requires": {
            "typical": "^2.6.1"
          }
        }
      }
    },
    "commander": {
      "version": "5.1.0",
      "resolved": "https://artifact.devsnc.com/content/groups/npm-all/commander/-/commander-5.1.0.tgz",
      "integrity": "sha512-P0CysNDQ7rtVw4QIQtm+MRxV66vKFSvlsQvGYXZWR3qFU0jlMKHZZZgw8e+8DSah4UDKMqnknRDQz+xuQXQ/Zg=="
    },
    "common-sequence": {
      "version": "2.0.0",
      "resolved": "https://artifact.devsnc.com/content/groups/npm-all/common-sequence/-/common-sequence-2.0.0.tgz",
      "integrity": "sha512-f0QqPLpRTgMQn/pQIynf+SdE73Lw5Q1jn4hjirHLgH/NJ71TiHjXusV16BmOyuK5rRQ1W2f++II+TFZbQOh4hA==",
      "dev": true
    },
    "concat-map": {
      "version": "0.0.1",
      "resolved": "https://artifact.devsnc.com/content/groups/npm-all/concat-map/-/concat-map-0.0.1.tgz",
      "integrity": "sha1-2Klr13/Wjfd5OnMDajug1UBdR3s=",
      "dev": true
    },
    "config-master": {
      "version": "3.1.0",
      "resolved": "https://artifact.devsnc.com/content/groups/npm-all/config-master/-/config-master-3.1.0.tgz",
      "integrity": "sha1-ZnZjWQUFooO/JqSE1oSJ10xUhdo=",
      "dev": true,
      "requires": {
        "walk-back": "^2.0.1"
      },
      "dependencies": {
        "walk-back": {
          "version": "2.0.1",
          "resolved": "https://artifact.devsnc.com/content/groups/npm-all/walk-back/-/walk-back-2.0.1.tgz",
          "integrity": "sha1-VU4qnYdPrEeoywBr9EwvDEmYoKQ=",
          "dev": true
        }
      }
    },
    "debug": {
      "version": "3.1.0",
      "resolved": "https://artifact.devsnc.com/content/groups/npm-all/debug/-/debug-3.1.0.tgz",
      "integrity": "sha512-OX8XqP7/1a9cqkxYw2yXss15f26NKWBpDXQd0/uK/KPqdQhxbPa994hnzjcE2VqQpDslf55723cKPUOGSmMY3g==",
      "requires": {
        "ms": "2.0.0"
      }
    },
    "deep-extend": {
      "version": "0.6.0",
      "resolved": "https://artifact.devsnc.com/content/groups/npm-all/deep-extend/-/deep-extend-0.6.0.tgz",
      "integrity": "sha512-LOHxIOaPYdHlJRtCQfDIVZtfw/ufM8+rVj649RIHzcm/vGwQRXFt6OPqIFWsm2XEMrNIEtWR64sY1LEKD2vAOA==",
      "dev": true
    },
    "defaults": {
      "version": "1.0.3",
      "resolved": "https://artifact.devsnc.com/content/groups/npm-all/defaults/-/defaults-1.0.3.tgz",
      "integrity": "sha1-xlYFHpgX2f8I7YgUd/P+QBnz730=",
      "requires": {
        "clone": "^1.0.2"
      }
    },
    "dmd": {
      "version": "4.0.6",
      "resolved": "https://artifact.devsnc.com/content/groups/npm-all/dmd/-/dmd-4.0.6.tgz",
      "integrity": "sha512-7ZYAnFQ6jGm4SICArwqNPylJ83PaOdPTAkds3Z/s1ueFqSc5ilJ2F0b7uP+35W1PUbemH++gn5/VlC3KwEgiHQ==",
      "dev": true,
      "requires": {
        "array-back": "^4.0.1",
        "cache-point": "^1.0.0",
        "common-sequence": "^2.0.0",
        "file-set": "^3.0.0",
        "handlebars": "^4.5.3",
        "marked": "^0.7.0",
        "object-get": "^2.1.0",
        "reduce-flatten": "^3.0.0",
        "reduce-unique": "^2.0.1",
        "reduce-without": "^1.0.1",
        "test-value": "^3.0.0",
        "walk-back": "^4.0.0"
      },
      "dependencies": {
        "reduce-flatten": {
          "version": "3.0.0",
          "resolved": "https://artifact.devsnc.com/content/groups/npm-all/reduce-flatten/-/reduce-flatten-3.0.0.tgz",
          "integrity": "sha512-eczl8wAYBxJ6Egl6I1ECIF+8z6sHu+KE7BzaEDZTpPXKXfy9SUDQlVYwkRcNTjJLC3Iakxbhss50KuT/R6SYfg==",
          "dev": true
        }
      }
    },
    "entities": {
      "version": "2.0.0",
      "resolved": "https://artifact.devsnc.com/content/groups/npm-all/entities/-/entities-2.0.0.tgz",
      "integrity": "sha512-D9f7V0JSRwIxlRI2mjMqufDrRDnx8p+eEOz7aUM9SuvF8gsBzra0/6tbjl1m8eQHrZlYj6PxqE00hZ1SAIKPLw==",
      "dev": true
    },
    "escape-string-regexp": {
      "version": "1.0.5",
      "resolved": "https://artifact.devsnc.com/content/groups/npm-all/escape-string-regexp/-/escape-string-regexp-1.0.5.tgz",
      "integrity": "sha1-G2HAViGQqN/2rjuyzwIAyhMLhtQ="
    },
    "esm": {
      "version": "3.2.25",
      "resolved": "https://artifact.devsnc.com/content/groups/npm-all/esm/-/esm-3.2.25.tgz",
      "integrity": "sha512-U1suiZ2oDVWv4zPO56S0NcR5QriEahGtdN2OR6FiOG4WJvcjBVFB0qI4+eKoWFH483PKGuLuu6V8Z4T5g63UVA=="
    },
    "file-set": {
      "version": "3.0.0",
      "resolved": "https://artifact.devsnc.com/content/groups/npm-all/file-set/-/file-set-3.0.0.tgz",
      "integrity": "sha512-B/SdeSIeRv7VlOgIjtH3dkxMI+tEy5m+OeCXfAUsirBoVoY+bGtsmvmmTFPm/G23TBY4RiTtjpcgePCfwXRjqA==",
      "dev": true,
      "requires": {
        "array-back": "^4.0.0",
        "glob": "^7.1.5"
      }
    },
    "find-replace": {
      "version": "3.0.0",
      "resolved": "https://artifact.devsnc.com/content/groups/npm-all/find-replace/-/find-replace-3.0.0.tgz",
      "integrity": "sha512-6Tb2myMioCAgv5kfvP5/PkZZ/ntTpVK39fHY7WkWBgvbeE+VHd/tZuZ4mrC+bxh4cfOZeYKVPaJIZtZXV7GNCQ==",
      "dev": true,
      "requires": {
        "array-back": "^3.0.1"
      },
      "dependencies": {
        "array-back": {
          "version": "3.1.0",
          "resolved": "https://artifact.devsnc.com/content/groups/npm-all/array-back/-/array-back-3.1.0.tgz",
          "integrity": "sha512-TkuxA4UCOvxuDK6NZYXCalszEzj+TLszyASooky+i742l9TqsOdYCMJJupxRic61hwquNtppB3hgcuq9SVSH1Q==",
          "dev": true
        }
      }
    },
    "follow-redirects": {
      "version": "1.5.10",
      "resolved": "https://artifact.devsnc.com/content/groups/npm-all/follow-redirects/-/follow-redirects-1.5.10.tgz",
      "integrity": "sha512-0V5l4Cizzvqt5D44aTXbFZz+FtyXV1vrDN6qrelxtfYQKW0KO0W2T/hkE8xvGa/540LkZlkaUjO4ailYTFtHVQ==",
      "requires": {
        "debug": "=3.1.0"
      }
    },
    "fs-extra": {
      "version": "9.0.0",
      "resolved": "https://artifact.devsnc.com/content/groups/npm-all/fs-extra/-/fs-extra-9.0.0.tgz",
      "integrity": "sha512-pmEYSk3vYsG/bF651KPUXZ+hvjpgWYw/Gc7W9NFUe3ZVLczKKWIij3IKpOrQcdw4TILtibFslZ0UmR8Vvzig4g==",
      "requires": {
        "at-least-node": "^1.0.0",
        "graceful-fs": "^4.2.0",
        "jsonfile": "^6.0.1",
        "universalify": "^1.0.0"
      }
    },
    "fs-then-native": {
      "version": "2.0.0",
      "resolved": "https://artifact.devsnc.com/content/groups/npm-all/fs-then-native/-/fs-then-native-2.0.0.tgz",
      "integrity": "sha1-GaEk2U2QwiyOBF8ujdbr6jbUjGc=",
      "dev": true
    },
    "fs.realpath": {
      "version": "1.0.0",
      "resolved": "https://artifact.devsnc.com/content/groups/npm-all/fs.realpath/-/fs.realpath-1.0.0.tgz",
      "integrity": "sha1-FQStJSMVjKpA20onh8sBQRmU6k8=",
      "dev": true
    },
    "glob": {
      "version": "7.1.6",
      "resolved": "https://artifact.devsnc.com/content/groups/npm-all/glob/-/glob-7.1.6.tgz",
      "integrity": "sha512-LwaxwyZ72Lk7vZINtNNrywX0ZuLyStrdDtabefZKAY5ZGJhVtgdznluResxNmPitE0SAO+O26sWTHeKSI2wMBA==",
      "dev": true,
      "requires": {
        "fs.realpath": "^1.0.0",
        "inflight": "^1.0.4",
        "inherits": "2",
        "minimatch": "^3.0.4",
        "once": "^1.3.0",
        "path-is-absolute": "^1.0.0"
      }
    },
    "graceful-fs": {
      "version": "4.2.4",
      "resolved": "https://artifact.devsnc.com/content/groups/npm-all/graceful-fs/-/graceful-fs-4.2.4.tgz",
      "integrity": "sha512-WjKPNJF79dtJAVniUlGGWHYGz2jWxT6VhN/4m1NdkbZ2nOsEF+cI1Edgql5zCRhs/VsQYRvrXctxktVXZUkixw=="
    },
    "graphql": {
      "version": "15.0.0",
      "resolved": "https://artifact.devsnc.com/content/groups/npm-all/graphql/-/graphql-15.0.0.tgz",
      "integrity": "sha512-ZyVO1xIF9F+4cxfkdhOJINM+51B06Friuv4M66W7HzUOeFd+vNzUn4vtswYINPi6sysjf1M2Ri/rwZALqgwbaQ=="
    },
    "handlebars": {
      "version": "4.7.6",
      "resolved": "https://artifact.devsnc.com/content/groups/npm-all/handlebars/-/handlebars-4.7.6.tgz",
      "integrity": "sha512-1f2BACcBfiwAfStCKZNrUCgqNZkGsAT7UM3kkYtXuLo0KnaVfjKOyf7PRzB6++aK9STyT1Pd2ZCPe3EGOXleXA==",
      "dev": true,
      "requires": {
        "minimist": "^1.2.5",
        "neo-async": "^2.6.0",
        "source-map": "^0.6.1",
        "uglify-js": "^3.1.4",
        "wordwrap": "^1.0.0"
      }
    },
    "has-flag": {
      "version": "4.0.0",
      "resolved": "https://artifact.devsnc.com/content/groups/npm-all/has-flag/-/has-flag-4.0.0.tgz",
      "integrity": "sha512-EykJT/Q1KjTWctppgIAgfSO0tKVuZUjhgMr17kqTumMl6Afv3EISleU7qZUzoXDFTAHTDC4NOoG/ZxU3EvlMPQ=="
    },
    "inflight": {
      "version": "1.0.6",
      "resolved": "https://artifact.devsnc.com/content/groups/npm-all/inflight/-/inflight-1.0.6.tgz",
      "integrity": "sha1-Sb1jMdfQLQwJvJEKEHW6gWW1bfk=",
      "dev": true,
      "requires": {
        "once": "^1.3.0",
        "wrappy": "1"
      }
    },
    "inherits": {
      "version": "2.0.4",
      "resolved": "https://artifact.devsnc.com/content/groups/npm-all/inherits/-/inherits-2.0.4.tgz",
      "integrity": "sha512-k/vGaX4/Yla3WzyMCvTQOXYeIHvqOKtnqBduzTHpzpQZzAskKMhZ2K+EnBiSM9zGSoIFeMpXKxa4dYeZIQqewQ==",
      "dev": true
    },
    "is-interactive": {
      "version": "1.0.0",
      "resolved": "https://artifact.devsnc.com/content/groups/npm-all/is-interactive/-/is-interactive-1.0.0.tgz",
      "integrity": "sha512-2HvIEKRoqS62guEC+qBjpvRubdX910WCMuJTZ+I9yvqKU2/12eSL549HMwtabb4oupdj2sMP50k+XJfB/8JE6w=="
    },
    "js2xmlparser": {
      "version": "4.0.1",
      "resolved": "https://artifact.devsnc.com/content/groups/npm-all/js2xmlparser/-/js2xmlparser-4.0.1.tgz",
      "integrity": "sha512-KrPTolcw6RocpYjdC7pL7v62e55q7qOMHvLX1UCLc5AAS8qeJ6nukarEJAF2KL2PZxlbGueEbINqZR2bDe/gUw==",
      "dev": true,
      "requires": {
        "xmlcreate": "^2.0.3"
      }
    },
    "jsdoc": {
      "version": "3.6.4",
      "resolved": "https://artifact.devsnc.com/content/groups/npm-all/jsdoc/-/jsdoc-3.6.4.tgz",
      "integrity": "sha512-3G9d37VHv7MFdheviDCjUfQoIjdv4TC5zTTf5G9VODLtOnVS6La1eoYBDlbWfsRT3/Xo+j2MIqki2EV12BZfwA==",
      "dev": true,
      "requires": {
        "@babel/parser": "^7.9.4",
        "bluebird": "^3.7.2",
        "catharsis": "^0.8.11",
        "escape-string-regexp": "^2.0.0",
        "js2xmlparser": "^4.0.1",
        "klaw": "^3.0.0",
        "markdown-it": "^10.0.0",
        "markdown-it-anchor": "^5.2.7",
        "marked": "^0.8.2",
        "mkdirp": "^1.0.4",
        "requizzle": "^0.2.3",
        "strip-json-comments": "^3.1.0",
        "taffydb": "2.6.2",
        "underscore": "~1.10.2"
      },
      "dependencies": {
        "escape-string-regexp": {
          "version": "2.0.0",
          "resolved": "https://artifact.devsnc.com/content/groups/npm-all/escape-string-regexp/-/escape-string-regexp-2.0.0.tgz",
          "integrity": "sha512-UpzcLCXolUWcNu5HtVMHYdXJjArjsF9C0aNnquZYY4uW/Vu0miy5YoWvbV345HauVvcAUnpRuhMMcqTcGOY2+w==",
          "dev": true
        },
        "marked": {
          "version": "0.8.2",
          "resolved": "https://artifact.devsnc.com/content/groups/npm-all/marked/-/marked-0.8.2.tgz",
          "integrity": "sha512-EGwzEeCcLniFX51DhTpmTom+dSA/MG/OBUDjnWtHbEnjAH180VzUeAw+oE4+Zv+CoYBWyRlYOTR0N8SO9R1PVw==",
          "dev": true
        }
      }
    },
    "jsdoc-api": {
      "version": "5.0.4",
      "resolved": "https://artifact.devsnc.com/content/groups/npm-all/jsdoc-api/-/jsdoc-api-5.0.4.tgz",
      "integrity": "sha512-1KMwLnfo0FyhF06TQKzqIm8BiY1yoMIGICxRdJHUjzskaHMzHMmpLlmNFgzoa4pAC8t1CDPK5jWuQTvv1pBsEQ==",
      "dev": true,
      "requires": {
        "array-back": "^4.0.0",
        "cache-point": "^1.0.0",
        "collect-all": "^1.0.3",
        "file-set": "^2.0.1",
        "fs-then-native": "^2.0.0",
        "jsdoc": "^3.6.3",
        "object-to-spawn-args": "^1.1.1",
        "temp-path": "^1.0.0",
        "walk-back": "^3.0.1"
      },
      "dependencies": {
        "file-set": {
          "version": "2.0.1",
          "resolved": "https://artifact.devsnc.com/content/groups/npm-all/file-set/-/file-set-2.0.1.tgz",
          "integrity": "sha512-XgOUUpgR6FbbfYcniLw0qm1Am7PnNYIAkd+eXxRt42LiYhjaso0WiuQ+VmrNdtwotyM+cLCfZ56AZrySP3QnKA==",
          "dev": true,
          "requires": {
            "array-back": "^2.0.0",
            "glob": "^7.1.3"
          },
          "dependencies": {
            "array-back": {
              "version": "2.0.0",
              "resolved": "https://artifact.devsnc.com/content/groups/npm-all/array-back/-/array-back-2.0.0.tgz",
              "integrity": "sha512-eJv4pLLufP3g5kcZry0j6WXpIbzYw9GUB4mVJZno9wfwiBxbizTnHCw3VJb07cBihbFX48Y7oSrW9y+gt4glyw==",
              "dev": true,
              "requires": {
                "typical": "^2.6.1"
              }
            }
          }
        },
        "walk-back": {
          "version": "3.0.1",
          "resolved": "https://artifact.devsnc.com/content/groups/npm-all/walk-back/-/walk-back-3.0.1.tgz",
          "integrity": "sha512-umiNB2qLO731Sxbp6cfZ9pwURJzTnftxE4Gc7hq8n/ehkuXC//s9F65IEIJA2ZytQZ1ZOsm/Fju4IWx0bivkUQ==",
          "dev": true
        }
      }
    },
    "jsdoc-parse": {
      "version": "4.0.1",
      "resolved": "https://artifact.devsnc.com/content/groups/npm-all/jsdoc-parse/-/jsdoc-parse-4.0.1.tgz",
      "integrity": "sha512-qIObw8yqYZjrP2qxWROB5eLQFLTUX2jRGLhW9hjo2CC2fQVlskidCIzjCoctwsDvauBp2a/lR31jkSleczSo8Q==",
      "dev": true,
      "requires": {
        "array-back": "^4.0.0",
        "lodash.omit": "^4.5.0",
        "lodash.pick": "^4.4.0",
        "reduce-extract": "^1.0.0",
        "sort-array": "^2.0.0",
        "test-value": "^3.0.0"
      }
    },
    "jsdoc-to-markdown": {
      "version": "5.0.3",
      "resolved": "https://artifact.devsnc.com/content/groups/npm-all/jsdoc-to-markdown/-/jsdoc-to-markdown-5.0.3.tgz",
      "integrity": "sha512-tQv5tBV0fTYidRQtE60lJKxE98mmuLcYuITFDKQiDPE9hGccpeEGUNFcVkInq1vigyuPnZmt79bQ8wv2GKjY0Q==",
      "dev": true,
      "requires": {
        "array-back": "^4.0.1",
        "command-line-tool": "^0.8.0",
        "config-master": "^3.1.0",
        "dmd": "^4.0.5",
        "jsdoc-api": "^5.0.4",
        "jsdoc-parse": "^4.0.1",
        "walk-back": "^4.0.0"
      }
    },
    "jsonfile": {
      "version": "6.0.1",
      "resolved": "https://artifact.devsnc.com/content/groups/npm-all/jsonfile/-/jsonfile-6.0.1.tgz",
      "integrity": "sha512-jR2b5v7d2vIOust+w3wtFKZIfpC2pnRmFAhAC/BuweZFQR8qZzxH1OyrQ10HmdVYiXWkYUqPVsz91cG7EL2FBg==",
      "requires": {
        "graceful-fs": "^4.1.6",
        "universalify": "^1.0.0"
      }
    },
    "klaw": {
      "version": "3.0.0",
      "resolved": "https://artifact.devsnc.com/content/groups/npm-all/klaw/-/klaw-3.0.0.tgz",
      "integrity": "sha512-0Fo5oir+O9jnXu5EefYbVK+mHMBeEVEy2cmctR1O1NECcCkPRreJKrS6Qt/j3KC2C148Dfo9i3pCmCMsdqGr0g==",
      "dev": true,
      "requires": {
        "graceful-fs": "^4.1.9"
      }
    },
    "linkify-it": {
      "version": "2.2.0",
      "resolved": "https://artifact.devsnc.com/content/groups/npm-all/linkify-it/-/linkify-it-2.2.0.tgz",
      "integrity": "sha512-GnAl/knGn+i1U/wjBz3akz2stz+HrHLsxMwHQGofCDfPvlf+gDKN58UtfmUquTY4/MXeE2x7k19KQmeoZi94Iw==",
      "dev": true,
      "requires": {
        "uc.micro": "^1.0.1"
      }
    },
    "lodash": {
      "version": "4.17.15",
      "resolved": "https://artifact.devsnc.com/content/groups/npm-all/lodash/-/lodash-4.17.15.tgz",
      "integrity": "sha512-8xOcRHvCjnocdS5cpwXQXVzmmh5e5+saE2QGoeQmbKmRS6J3VQppPOIt0MnmE+4xlZoumy0GPG0D0MVIQbNA1A==",
      "dev": true
    },
    "lodash.camelcase": {
      "version": "4.3.0",
      "resolved": "https://artifact.devsnc.com/content/groups/npm-all/lodash.camelcase/-/lodash.camelcase-4.3.0.tgz",
      "integrity": "sha1-soqmKIorn8ZRA1x3EfZathkDMaY=",
      "dev": true
    },
    "lodash.omit": {
      "version": "4.5.0",
      "resolved": "https://artifact.devsnc.com/content/groups/npm-all/lodash.omit/-/lodash.omit-4.5.0.tgz",
      "integrity": "sha1-brGa5aHuHdnfC5aeZs4Lf6MLXmA=",
      "dev": true
    },
    "lodash.padend": {
      "version": "4.6.1",
      "resolved": "https://artifact.devsnc.com/content/groups/npm-all/lodash.padend/-/lodash.padend-4.6.1.tgz",
      "integrity": "sha1-U8y6BH0G4VjTEfRdpiX05J5vFm4=",
      "dev": true
    },
    "lodash.pick": {
      "version": "4.4.0",
      "resolved": "https://artifact.devsnc.com/content/groups/npm-all/lodash.pick/-/lodash.pick-4.4.0.tgz",
      "integrity": "sha1-UvBWEP/53tQiYRRB7R/BI6AwAbM=",
      "dev": true
    },
    "log-symbols": {
      "version": "3.0.0",
      "resolved": "https://artifact.devsnc.com/content/groups/npm-all/log-symbols/-/log-symbols-3.0.0.tgz",
      "integrity": "sha512-dSkNGuI7iG3mfvDzUuYZyvk5dD9ocYCYzNU6CYDE6+Xqd+gwme6Z00NS3dUh8mq/73HaEtT7m6W+yUPtU6BZnQ==",
      "requires": {
        "chalk": "^2.4.2"
      },
      "dependencies": {
        "ansi-styles": {
          "version": "3.2.1",
          "resolved": "https://artifact.devsnc.com/content/groups/npm-all/ansi-styles/-/ansi-styles-3.2.1.tgz",
          "integrity": "sha512-VT0ZI6kZRdTh8YyJw3SMbYm/u+NqfsAxEpWO0Pf9sq8/e94WxxOpPKx9FR1FlyCtOVDNOQ+8ntlqFxiRc+r5qA==",
          "requires": {
            "color-convert": "^1.9.0"
          }
        },
        "chalk": {
          "version": "2.4.2",
          "resolved": "https://artifact.devsnc.com/content/groups/npm-all/chalk/-/chalk-2.4.2.tgz",
          "integrity": "sha512-Mti+f9lpJNcwF4tWV8/OrTTtF1gZi+f8FqlyAdouralcFWFQWF2+NgCHShjkCb+IFBLq9buZwE1xckQU4peSuQ==",
          "requires": {
            "ansi-styles": "^3.2.1",
            "escape-string-regexp": "^1.0.5",
            "supports-color": "^5.3.0"
          }
        },
        "color-convert": {
          "version": "1.9.3",
          "resolved": "https://artifact.devsnc.com/content/groups/npm-all/color-convert/-/color-convert-1.9.3.tgz",
          "integrity": "sha512-QfAUtd+vFdAtFQcC8CCyYt1fYWxSqAiK2cSD6zDB8N3cpsEBAvRxp9zOGg6G/SHHJYAT88/az/IuDGALsNVbGg==",
          "requires": {
            "color-name": "1.1.3"
          }
        },
        "color-name": {
          "version": "1.1.3",
          "resolved": "https://artifact.devsnc.com/content/groups/npm-all/color-name/-/color-name-1.1.3.tgz",
          "integrity": "sha1-p9BVi9icQveV3UIyj3QIMcpTvCU="
        },
        "has-flag": {
          "version": "3.0.0",
          "resolved": "https://artifact.devsnc.com/content/groups/npm-all/has-flag/-/has-flag-3.0.0.tgz",
          "integrity": "sha1-tdRU3CGZriJWmfNGfloH87lVuv0="
        },
        "supports-color": {
          "version": "5.5.0",
          "resolved": "https://artifact.devsnc.com/content/groups/npm-all/supports-color/-/supports-color-5.5.0.tgz",
          "integrity": "sha512-QjVjwdXIt408MIiAqCX4oUKsgU2EqAGzs2Ppkm4aQYbjm+ZEWEcW4SfFNTr4uMNZma0ey4f5lgLrkB0aX0QMow==",
          "requires": {
            "has-flag": "^3.0.0"
          }
        }
      }
    },
    "markdown-it": {
      "version": "10.0.0",
      "resolved": "https://artifact.devsnc.com/content/groups/npm-all/markdown-it/-/markdown-it-10.0.0.tgz",
      "integrity": "sha512-YWOP1j7UbDNz+TumYP1kpwnP0aEa711cJjrAQrzd0UXlbJfc5aAq0F/PZHjiioqDC1NKgvIMX+o+9Bk7yuM2dg==",
      "dev": true,
      "requires": {
        "argparse": "^1.0.7",
        "entities": "~2.0.0",
        "linkify-it": "^2.0.0",
        "mdurl": "^1.0.1",
        "uc.micro": "^1.0.5"
      }
    },
    "markdown-it-anchor": {
      "version": "5.2.7",
      "resolved": "https://artifact.devsnc.com/content/groups/npm-all/markdown-it-anchor/-/markdown-it-anchor-5.2.7.tgz",
      "integrity": "sha512-REFmIaSS6szaD1bye80DMbp7ePwsPNvLTR5HunsUcZ0SG0rWJQ+Pz24R4UlTKtjKBPhxo0v0tOBDYjZQQknW8Q==",
      "dev": true
    },
    "marked": {
      "version": "0.7.0",
      "resolved": "https://artifact.devsnc.com/content/groups/npm-all/marked/-/marked-0.7.0.tgz",
      "integrity": "sha512-c+yYdCZJQrsRjTPhUx7VKkApw9bwDkNbHUKo1ovgcfDjb2kc8rLuRbIFyXL5WOEUwzSSKo3IXpph2K6DqB/KZg==",
      "dev": true
    },
    "mdurl": {
      "version": "1.0.1",
      "resolved": "https://artifact.devsnc.com/content/groups/npm-all/mdurl/-/mdurl-1.0.1.tgz",
      "integrity": "sha1-/oWy7HWlkDfyrf7BAP1sYBdhFS4=",
      "dev": true
    },
    "mimic-fn": {
      "version": "2.1.0",
      "resolved": "https://artifact.devsnc.com/content/groups/npm-all/mimic-fn/-/mimic-fn-2.1.0.tgz",
      "integrity": "sha512-OqbOk5oEQeAZ8WXWydlu9HJjz9WVdEIvamMCcXmuqUYjTknH/sqsWvhQ3vgwKFRR1HpjvNBKQ37nbJgYzGqGcg=="
    },
    "minimatch": {
      "version": "3.0.4",
      "resolved": "https://artifact.devsnc.com/content/groups/npm-all/minimatch/-/minimatch-3.0.4.tgz",
      "integrity": "sha512-yJHVQEhyqPLUTgt9B83PXu6W3rx4MvvHvSUvToogpwoGDOUQ+yDrR0HRot+yOCdCO7u4hX3pWft6kWBBcqh0UA==",
      "dev": true,
      "requires": {
        "brace-expansion": "^1.1.7"
      }
    },
    "minimist": {
      "version": "1.2.6",
      "resolved": "https://registry.npmjs.org/minimist/-/minimist-1.2.6.tgz",
      "integrity": "sha512-Jsjnk4bw3YJqYzbdyBiNsPWHPfO++UGG749Cxs6peCu5Xg4nrena6OVxOYxrQTqww0Jmwt+Ref8rggumkTLz9Q==",
      "dev": true
    },
    "mkdirp": {
      "version": "1.0.4",
      "resolved": "https://artifact.devsnc.com/content/groups/npm-all/mkdirp/-/mkdirp-1.0.4.tgz",
      "integrity": "sha512-vVqVZQyf3WLx2Shd0qJ9xuvqgAyKPLAiqITEtqW0oIUjzo3PePDd6fW9iFz30ef7Ysp/oiWqbhszeGWW2T6Gzw==",
      "dev": true
    },
    "mkdirp2": {
      "version": "1.0.4",
      "resolved": "https://artifact.devsnc.com/content/groups/npm-all/mkdirp2/-/mkdirp2-1.0.4.tgz",
      "integrity": "sha512-Q2PKB4ZR4UPtjLl76JfzlgSCUZhSV1AXQgAZa1qt5RiaALFjP/CDrGvFBrOz7Ck6McPcwMAxTsJvWOUjOU8XMw==",
      "dev": true
    },
    "ms": {
      "version": "2.0.0",
      "resolved": "https://artifact.devsnc.com/content/groups/npm-all/ms/-/ms-2.0.0.tgz",
      "integrity": "sha1-VgiurfwAvmwpAd9fmGF4jeDVl8g="
    },
    "mute-stream": {
      "version": "0.0.8",
      "resolved": "https://artifact.devsnc.com/content/groups/npm-all/mute-stream/-/mute-stream-0.0.8.tgz",
      "integrity": "sha512-nnbWWOkoWyUsTjKrhgD0dcz22mdkSnpYqbEjIm2nhwhuxlSkpywJmBo8h0ZqJdkp73mb90SssHkN4rsRaBAfAA=="
    },
    "neo-async": {
      "version": "2.6.1",
      "resolved": "https://artifact.devsnc.com/content/groups/npm-all/neo-async/-/neo-async-2.6.1.tgz",
      "integrity": "sha512-iyam8fBuCUpWeKPGpaNMetEocMt364qkCsfL9JuhjXX6dRnguRVOfk2GZaDpPjcOKiiXCPINZC1GczQ7iTq3Zw==",
      "dev": true
    },
    "object-get": {
      "version": "2.1.1",
      "resolved": "https://artifact.devsnc.com/content/groups/npm-all/object-get/-/object-get-2.1.1.tgz",
      "integrity": "sha512-7n4IpLMzGGcLEMiQKsNR7vCe+N5E9LORFrtNUVy4sO3dj9a3HedZCxEL2T7QuLhcHN1NBuBsMOKaOsAYI9IIvg==",
      "dev": true
    },
    "object-to-spawn-args": {
      "version": "1.1.1",
      "resolved": "https://artifact.devsnc.com/content/groups/npm-all/object-to-spawn-args/-/object-to-spawn-args-1.1.1.tgz",
      "integrity": "sha1-d9qIJ/Bz0BHJ4bFz+JV4FHAkZ4U=",
      "dev": true
    },
    "once": {
      "version": "1.4.0",
      "resolved": "https://artifact.devsnc.com/content/groups/npm-all/once/-/once-1.4.0.tgz",
      "integrity": "sha1-WDsap3WWHUsROsF9nFC6753Xa9E=",
      "dev": true,
      "requires": {
        "wrappy": "1"
      }
    },
    "onetime": {
      "version": "5.1.0",
      "resolved": "https://artifact.devsnc.com/content/groups/npm-all/onetime/-/onetime-5.1.0.tgz",
      "integrity": "sha512-5NcSkPHhwTVFIQN+TUqXoS5+dlElHXdpAWu9I0HP20YOtIi+aZ0Ct82jdlILDxjLEAWwvm+qj1m6aEtsDVmm6Q==",
      "requires": {
        "mimic-fn": "^2.1.0"
      }
    },
    "ora": {
      "version": "4.0.4",
      "resolved": "https://artifact.devsnc.com/content/groups/npm-all/ora/-/ora-4.0.4.tgz",
      "integrity": "sha512-77iGeVU1cIdRhgFzCK8aw1fbtT1B/iZAvWjS+l/o1x0RShMgxHUZaD2yDpWsNCPwXg9z1ZA78Kbdvr8kBmG/Ww==",
      "requires": {
        "chalk": "^3.0.0",
        "cli-cursor": "^3.1.0",
        "cli-spinners": "^2.2.0",
        "is-interactive": "^1.0.0",
        "log-symbols": "^3.0.0",
        "mute-stream": "0.0.8",
        "strip-ansi": "^6.0.0",
        "wcwidth": "^1.0.1"
      },
      "dependencies": {
        "chalk": {
          "version": "3.0.0",
          "resolved": "https://artifact.devsnc.com/content/groups/npm-all/chalk/-/chalk-3.0.0.tgz",
          "integrity": "sha512-4D3B6Wf41KOYRFdszmDqMCGq5VV/uMAB273JILmO+3jAlh8X4qDtdtgCR3fxtbLEMzSx22QdhnDcJvu2u1fVwg==",
          "requires": {
            "ansi-styles": "^4.1.0",
            "supports-color": "^7.1.0"
          }
        }
      }
    },
    "path-is-absolute": {
      "version": "1.0.1",
      "resolved": "https://artifact.devsnc.com/content/groups/npm-all/path-is-absolute/-/path-is-absolute-1.0.1.tgz",
      "integrity": "sha1-F0uSaHNVNP+8es5r9TpanhtcX18=",
      "dev": true
    },
    "reduce-extract": {
      "version": "1.0.0",
      "resolved": "https://artifact.devsnc.com/content/groups/npm-all/reduce-extract/-/reduce-extract-1.0.0.tgz",
      "integrity": "sha1-Z/I4W+2mUGG19fQxJmLosIDKFSU=",
      "dev": true,
      "requires": {
        "test-value": "^1.0.1"
      },
      "dependencies": {
        "array-back": {
          "version": "1.0.4",
          "resolved": "https://artifact.devsnc.com/content/groups/npm-all/array-back/-/array-back-1.0.4.tgz",
          "integrity": "sha1-ZEun8JX3/898Q7Xw3DnTwfA8Bjs=",
          "dev": true,
          "requires": {
            "typical": "^2.6.0"
          }
        },
        "test-value": {
          "version": "1.1.0",
          "resolved": "https://artifact.devsnc.com/content/groups/npm-all/test-value/-/test-value-1.1.0.tgz",
          "integrity": "sha1-oJE29y7AQ9J8iTcHwrFZv6196T8=",
          "dev": true,
          "requires": {
            "array-back": "^1.0.2",
            "typical": "^2.4.2"
          }
        }
      }
    },
    "reduce-flatten": {
      "version": "1.0.1",
      "resolved": "https://artifact.devsnc.com/content/groups/npm-all/reduce-flatten/-/reduce-flatten-1.0.1.tgz",
      "integrity": "sha1-JYx479FT3fk8tWEjf2EYTzaW4yc=",
      "dev": true
    },
    "reduce-unique": {
      "version": "2.0.1",
      "resolved": "https://artifact.devsnc.com/content/groups/npm-all/reduce-unique/-/reduce-unique-2.0.1.tgz",
      "integrity": "sha512-x4jH/8L1eyZGR785WY+ePtyMNhycl1N2XOLxhCbzZFaqF4AXjLzqSxa2UHgJ2ZVR/HHyPOvl1L7xRnW8ye5MdA==",
      "dev": true
    },
    "reduce-without": {
      "version": "1.0.1",
      "resolved": "https://artifact.devsnc.com/content/groups/npm-all/reduce-without/-/reduce-without-1.0.1.tgz",
      "integrity": "sha1-aK0OrRGFXJo31OglbBW7+Hly/Iw=",
      "dev": true,
      "requires": {
        "test-value": "^2.0.0"
      },
      "dependencies": {
        "array-back": {
          "version": "1.0.4",
          "resolved": "https://artifact.devsnc.com/content/groups/npm-all/array-back/-/array-back-1.0.4.tgz",
          "integrity": "sha1-ZEun8JX3/898Q7Xw3DnTwfA8Bjs=",
          "dev": true,
          "requires": {
            "typical": "^2.6.0"
          }
        },
        "test-value": {
          "version": "2.1.0",
          "resolved": "https://artifact.devsnc.com/content/groups/npm-all/test-value/-/test-value-2.1.0.tgz",
          "integrity": "sha1-Edpv9nDzRxpztiXKTz/c97t0gpE=",
          "dev": true,
          "requires": {
            "array-back": "^1.0.3",
            "typical": "^2.6.0"
          }
        }
      }
    },
    "requizzle": {
      "version": "0.2.3",
      "resolved": "https://artifact.devsnc.com/content/groups/npm-all/requizzle/-/requizzle-0.2.3.tgz",
      "integrity": "sha512-YanoyJjykPxGHii0fZP0uUPEXpvqfBDxWV7s6GKAiiOsiqhX6vHNyW3Qzdmqp/iq/ExbhaGbVrjB4ruEVSM4GQ==",
      "dev": true,
      "requires": {
        "lodash": "^4.17.14"
      }
    },
    "restore-cursor": {
      "version": "3.1.0",
      "resolved": "https://artifact.devsnc.com/content/groups/npm-all/restore-cursor/-/restore-cursor-3.1.0.tgz",
      "integrity": "sha512-l+sSefzHpj5qimhFSE5a8nufZYAM3sBSVMAPtYkmC+4EH2anSGaEMXSD0izRQbu9nfyQ9y5JrVmp7E8oZrUjvA==",
      "requires": {
        "onetime": "^5.1.0",
        "signal-exit": "^3.0.2"
      }
    },
    "signal-exit": {
      "version": "3.0.3",
      "resolved": "https://artifact.devsnc.com/content/groups/npm-all/signal-exit/-/signal-exit-3.0.3.tgz",
      "integrity": "sha512-VUJ49FC8U1OxwZLxIbTTrDvLnf/6TDgxZcK8wxR8zs13xpx7xbG60ndBlhNrFi2EMuFRoeDoJO7wthSLq42EjA=="
    },
    "sort-array": {
      "version": "2.0.0",
      "resolved": "https://artifact.devsnc.com/content/groups/npm-all/sort-array/-/sort-array-2.0.0.tgz",
      "integrity": "sha1-OKnG2if9fRR7QuYFVPKBGHtN9HI=",
      "dev": true,
      "requires": {
        "array-back": "^1.0.4",
        "object-get": "^2.1.0",
        "typical": "^2.6.0"
      },
      "dependencies": {
        "array-back": {
          "version": "1.0.4",
          "resolved": "https://artifact.devsnc.com/content/groups/npm-all/array-back/-/array-back-1.0.4.tgz",
          "integrity": "sha1-ZEun8JX3/898Q7Xw3DnTwfA8Bjs=",
          "dev": true,
          "requires": {
            "typical": "^2.6.0"
          }
        }
      }
    },
    "source-map": {
      "version": "0.6.1",
      "resolved": "https://artifact.devsnc.com/content/groups/npm-all/source-map/-/source-map-0.6.1.tgz",
      "integrity": "sha512-UjgapumWlbMhkBgzT7Ykc5YXUT46F0iKu8SGXq0bcwP5dz/h0Plj6enJqjz1Zbq2l5WaqYnrVbwWOWMyF3F47g==",
      "dev": true
    },
    "sprintf-js": {
      "version": "1.0.3",
      "resolved": "https://artifact.devsnc.com/content/groups/npm-all/sprintf-js/-/sprintf-js-1.0.3.tgz",
      "integrity": "sha1-BOaSb2YolTVPPdAVIDYzuFcpfiw=",
      "dev": true
    },
    "stream-connect": {
      "version": "1.0.2",
      "resolved": "https://artifact.devsnc.com/content/groups/npm-all/stream-connect/-/stream-connect-1.0.2.tgz",
      "integrity": "sha1-GLyB8u2zW4tdmoAJIAqYUxRCipc=",
      "dev": true,
      "requires": {
        "array-back": "^1.0.2"
      },
      "dependencies": {
        "array-back": {
          "version": "1.0.4",
          "resolved": "https://artifact.devsnc.com/content/groups/npm-all/array-back/-/array-back-1.0.4.tgz",
          "integrity": "sha1-ZEun8JX3/898Q7Xw3DnTwfA8Bjs=",
          "dev": true,
          "requires": {
            "typical": "^2.6.0"
          }
        }
      }
    },
    "stream-via": {
      "version": "1.0.4",
      "resolved": "https://artifact.devsnc.com/content/groups/npm-all/stream-via/-/stream-via-1.0.4.tgz",
      "integrity": "sha512-DBp0lSvX5G9KGRDTkR/R+a29H+Wk2xItOF+MpZLLNDWbEV9tGPnqLPxHEYjmiz8xGtJHRIqmI+hCjmNzqoA4nQ==",
      "dev": true
    },
    "strip-ansi": {
      "version": "6.0.0",
      "resolved": "https://artifact.devsnc.com/content/groups/npm-all/strip-ansi/-/strip-ansi-6.0.0.tgz",
      "integrity": "sha512-AuvKTrTfQNYNIctbR1K/YGTR1756GycPsg7b9bdV9Duqur4gv6aKqHXah67Z8ImS7WEz5QVcOtlfW2rZEugt6w==",
      "requires": {
        "ansi-regex": "^5.0.0"
      }
    },
    "strip-json-comments": {
      "version": "3.1.0",
      "resolved": "https://artifact.devsnc.com/content/groups/npm-all/strip-json-comments/-/strip-json-comments-3.1.0.tgz",
      "integrity": "sha512-e6/d0eBu7gHtdCqFt0xJr642LdToM5/cN4Qb9DbHjVx1CP5RyeM+zH7pbecEmDv/lBqb0QH+6Uqq75rxFPkM0w==",
      "dev": true
    },
    "supports-color": {
      "version": "7.1.0",
      "resolved": "https://artifact.devsnc.com/content/groups/npm-all/supports-color/-/supports-color-7.1.0.tgz",
      "integrity": "sha512-oRSIpR8pxT1Wr2FquTNnGet79b3BWljqOuoW/h4oBhxJ/HUbX5nX6JSruTkvXDCFMwDPvsaTTbvMLKZWSy0R5g==",
      "requires": {
        "has-flag": "^4.0.0"
      }
    },
    "table-layout": {
      "version": "0.4.5",
      "resolved": "https://artifact.devsnc.com/content/groups/npm-all/table-layout/-/table-layout-0.4.5.tgz",
      "integrity": "sha512-zTvf0mcggrGeTe/2jJ6ECkJHAQPIYEwDoqsiqBjI24mvRmQbInK5jq33fyypaCBxX08hMkfmdOqj6haT33EqWw==",
      "dev": true,
      "requires": {
        "array-back": "^2.0.0",
        "deep-extend": "~0.6.0",
        "lodash.padend": "^4.6.1",
        "typical": "^2.6.1",
        "wordwrapjs": "^3.0.0"
      },
      "dependencies": {
        "array-back": {
          "version": "2.0.0",
          "resolved": "https://artifact.devsnc.com/content/groups/npm-all/array-back/-/array-back-2.0.0.tgz",
          "integrity": "sha512-eJv4pLLufP3g5kcZry0j6WXpIbzYw9GUB4mVJZno9wfwiBxbizTnHCw3VJb07cBihbFX48Y7oSrW9y+gt4glyw==",
          "dev": true,
          "requires": {
            "typical": "^2.6.1"
          }
        }
      }
    },
    "taffydb": {
      "version": "2.6.2",
      "resolved": "https://artifact.devsnc.com/content/groups/npm-all/taffydb/-/taffydb-2.6.2.tgz",
      "integrity": "sha1-fLy2S1oUG2ou/CxdLGe04VCyomg=",
      "dev": true
    },
    "temp-path": {
      "version": "1.0.0",
      "resolved": "https://artifact.devsnc.com/content/groups/npm-all/temp-path/-/temp-path-1.0.0.tgz",
      "integrity": "sha1-JLFUOXOrRCiW2a02fdnL2/r+kYs=",
      "dev": true
    },
    "test-value": {
      "version": "3.0.0",
      "resolved": "https://artifact.devsnc.com/content/groups/npm-all/test-value/-/test-value-3.0.0.tgz",
      "integrity": "sha512-sVACdAWcZkSU9x7AOmJo5TqE+GyNJknHaHsMrR6ZnhjVlVN9Yx6FjHrsKZ3BjIpPCT68zYesPWkakrNupwfOTQ==",
      "dev": true,
      "requires": {
        "array-back": "^2.0.0",
        "typical": "^2.6.1"
      },
      "dependencies": {
        "array-back": {
          "version": "2.0.0",
          "resolved": "https://artifact.devsnc.com/content/groups/npm-all/array-back/-/array-back-2.0.0.tgz",
          "integrity": "sha512-eJv4pLLufP3g5kcZry0j6WXpIbzYw9GUB4mVJZno9wfwiBxbizTnHCw3VJb07cBihbFX48Y7oSrW9y+gt4glyw==",
          "dev": true,
          "requires": {
            "typical": "^2.6.1"
          }
        }
      }
    },
    "typical": {
      "version": "2.6.1",
      "resolved": "https://artifact.devsnc.com/content/groups/npm-all/typical/-/typical-2.6.1.tgz",
      "integrity": "sha1-XAgOXWYcu+OCWdLnCjxyU+hziB0=",
      "dev": true
    },
    "uc.micro": {
      "version": "1.0.6",
      "resolved": "https://artifact.devsnc.com/content/groups/npm-all/uc.micro/-/uc.micro-1.0.6.tgz",
      "integrity": "sha512-8Y75pvTYkLJW2hWQHXxoqRgV7qb9B+9vFEtidML+7koHUFapnVJAZ6cKs+Qjz5Aw3aZWHMC6u0wJE3At+nSGwA==",
      "dev": true
    },
    "uglify-js": {
      "version": "3.9.2",
      "resolved": "https://artifact.devsnc.com/content/groups/npm-all/uglify-js/-/uglify-js-3.9.2.tgz",
      "integrity": "sha512-zGVwKslUAD/EeqOrD1nQaBmXIHl1Vw371we8cvS8I6mYK9rmgX5tv8AAeJdfsQ3Kk5mGax2SVV/AizxdNGhl7Q==",
      "dev": true,
      "optional": true,
      "requires": {
        "commander": "~2.20.3"
      },
      "dependencies": {
        "commander": {
          "version": "2.20.3",
          "resolved": "https://artifact.devsnc.com/content/groups/npm-all/commander/-/commander-2.20.3.tgz",
          "integrity": "sha512-GpVkmM8vF2vQUkj2LvZmD35JxeJOLCwJ9cUkugyk2nuhbv3+mJvpLYYt+0+USMxE+oj+ey/lJEnhZw75x/OMcQ==",
          "dev": true,
          "optional": true
        }
      }
    },
    "underscore": {
      "version": "1.10.2",
      "resolved": "https://artifact.devsnc.com/content/groups/npm-all/underscore/-/underscore-1.10.2.tgz",
      "integrity": "sha512-N4P+Q/BuyuEKFJ43B9gYuOj4TQUHXX+j2FqguVOpjkssLUUrnJofCcBccJSCoeturDoZU6GorDTHSvUDlSQbTg==",
      "dev": true
    },
    "universalify": {
      "version": "1.0.0",
      "resolved": "https://artifact.devsnc.com/content/groups/npm-all/universalify/-/universalify-1.0.0.tgz",
      "integrity": "sha512-rb6X1W158d7pRQBg5gkR8uPaSfiids68LTJQYOtEUhoJUWBdaQHsuT/EUduxXYxcrt4r5PJ4fuHW1MHT6p0qug=="
    },
    "walk-back": {
      "version": "4.0.0",
      "resolved": "https://artifact.devsnc.com/content/groups/npm-all/walk-back/-/walk-back-4.0.0.tgz",
      "integrity": "sha512-kudCA8PXVQfrqv2mFTG72vDBRi8BKWxGgFLwPpzHcpZnSwZk93WMwUDVcLHWNsnm+Y0AC4Vb6MUNRgaHfyV2DQ==",
      "dev": true
    },
    "wcwidth": {
      "version": "1.0.1",
      "resolved": "https://artifact.devsnc.com/content/groups/npm-all/wcwidth/-/wcwidth-1.0.1.tgz",
      "integrity": "sha1-8LDc+RW8X/FSivrbLA4XtTLaL+g=",
      "requires": {
        "defaults": "^1.0.3"
      }
    },
    "wordwrap": {
      "version": "1.0.0",
      "resolved": "https://artifact.devsnc.com/content/groups/npm-all/wordwrap/-/wordwrap-1.0.0.tgz",
      "integrity": "sha1-J1hIEIkUVqQXHI0CJkQa3pDLyus=",
      "dev": true
    },
    "wordwrapjs": {
      "version": "3.0.0",
      "resolved": "https://artifact.devsnc.com/content/groups/npm-all/wordwrapjs/-/wordwrapjs-3.0.0.tgz",
      "integrity": "sha512-mO8XtqyPvykVCsrwj5MlOVWvSnCdT+C+QVbm6blradR7JExAhbkZ7hZ9A+9NUtwzSqrlUo9a67ws0EiILrvRpw==",
      "dev": true,
      "requires": {
        "reduce-flatten": "^1.0.1",
        "typical": "^2.6.1"
      }
    },
    "wrappy": {
      "version": "1.0.2",
      "resolved": "https://artifact.devsnc.com/content/groups/npm-all/wrappy/-/wrappy-1.0.2.tgz",
      "integrity": "sha1-tSQ9jz7BqjXxNkYFvA0QNuMKtp8=",
      "dev": true
    },
    "xmlcreate": {
      "version": "2.0.3",
      "resolved": "https://artifact.devsnc.com/content/groups/npm-all/xmlcreate/-/xmlcreate-2.0.3.tgz",
      "integrity": "sha512-HgS+X6zAztGa9zIK3Y3LXuJes33Lz9x+YyTxgrkIdabu2vqcGOWwdfCpf1hWLRrd553wd4QCDf6BBO6FfdsRiQ==",
      "dev": true
    }
  }
}
